
Microsoft Visual Studio Solution File, Format Version 12.00
# Visual Studio Version 17
VisualStudioVersion = 17.4.33205.214
MinimumVisualStudioVersion = 10.0.40219.1
Project("{FAE04EC0-301F-11D3-BF4B-00C04F79EFBC}") = "Merkator", "Merkator\Merkator.csproj", "{53E76794-5C36-46B2-801F-F6ADCC719504}"
EndProject
Global
	GlobalSection(SolutionConfigurationPlatforms) = preSolution
		Debug|Any CPU = Debug|Any CPU
		Release|Any CPU = Release|Any CPU
	EndGlobalSection
	GlobalSection(ProjectConfigurationPlatforms) = postSolution
		{53E76794-5C36-46B2-801F-F6ADCC719504}.Debug|Any CPU.ActiveCfg = Debug|Any CPU
		{53E76794-5C36-46B2-801F-F6ADCC719504}.Debug|Any CPU.Build.0 = Debug|Any CPU
		{53E76794-5C36-46B2-801F-F6ADCC719504}.Release|Any CPU.ActiveCfg = Release|Any CPU
		{53E76794-5C36-46B2-801F-F6ADCC719504}.Release|Any CPU.Build.0 = Release|Any CPU
	EndGlobalSection
	GlobalSection(SolutionProperties) = preSolution
		HideSolutionNode = FALSE
	EndGlobalSection
	GlobalSection(ExtensibilityGlobals) = postSolution
		SolutionGuid = {1266EC89-3B6D-47A5-9BA9-B3FE65ED4AD7}
	EndGlobalSection
EndGlobal
